
Microsoft Visual Studio Solution File, Format Version 12.00
# Visual Studio Version 17
VisualStudioVersion = 17.11.35312.102
MinimumVisualStudioVersion = 10.0.40219.1
Project("{FAE04EC0-301F-11D3-BF4B-00C04F79EFBC}") = "StudentsRegistration", "StudentsRegistration\StudentsRegistration.csproj", "{3E1A88EB-23D4-40E0-AF0F-DDD0841C4AF6}"
EndProject
Global
	GlobalSection(SolutionConfigurationPlatforms) = preSolution
		Debug|Any CPU = Debug|Any CPU
		Release|Any CPU = Release|Any CPU
	EndGlobalSection
	GlobalSection(ProjectConfigurationPlatforms) = postSolution
		{3E1A88EB-23D4-40E0-AF0F-DDD0841C4AF6}.Debug|Any CPU.ActiveCfg = Debug|Any CPU
		{3E1A88EB-23D4-40E0-AF0F-DDD0841C4AF6}.Debug|Any CPU.Build.0 = Debug|Any CPU
		{3E1A88EB-23D4-40E0-AF0F-DDD0841C4AF6}.Release|Any CPU.ActiveCfg = Release|Any CPU
		{3E1A88EB-23D4-40E0-AF0F-DDD0841C4AF6}.Release|Any CPU.Build.0 = Release|Any CPU
	EndGlobalSection
	GlobalSection(SolutionProperties) = preSolution
		HideSolutionNode = FALSE
	EndGlobalSection
	GlobalSection(ExtensibilityGlobals) = postSolution
		SolutionGuid = {11876E28-5791-4FC7-8466-7AE0E5D08FC0}
	EndGlobalSection
EndGlobal
