
Microsoft Visual Studio Solution File, Format Version 12.00
# Visual Studio Version 17
VisualStudioVersion = 17.11.35312.102
MinimumVisualStudioVersion = 10.0.40219.1
Project("{FAE04EC0-301F-11D3-BF4B-00C04F79EFBC}") = "GRIDS_EXERCISES", "GRIDS_EXERCISES\GRIDS_EXERCISES.csproj", "{2E6D0AC2-96F3-498D-9F5F-FD4B1263278B}"
EndProject
Global
	GlobalSection(SolutionConfigurationPlatforms) = preSolution
		Debug|Any CPU = Debug|Any CPU
		Release|Any CPU = Release|Any CPU
	EndGlobalSection
	GlobalSection(ProjectConfigurationPlatforms) = postSolution
		{2E6D0AC2-96F3-498D-9F5F-FD4B1263278B}.Debug|Any CPU.ActiveCfg = Debug|Any CPU
		{2E6D0AC2-96F3-498D-9F5F-FD4B1263278B}.Debug|Any CPU.Build.0 = Debug|Any CPU
		{2E6D0AC2-96F3-498D-9F5F-FD4B1263278B}.Release|Any CPU.ActiveCfg = Release|Any CPU
		{2E6D0AC2-96F3-498D-9F5F-FD4B1263278B}.Release|Any CPU.Build.0 = Release|Any CPU
	EndGlobalSection
	GlobalSection(SolutionProperties) = preSolution
		HideSolutionNode = FALSE
	EndGlobalSection
	GlobalSection(ExtensibilityGlobals) = postSolution
		SolutionGuid = {8D1FAABA-C52D-4837-AC4C-3D80184683D6}
	EndGlobalSection
EndGlobal
