
Microsoft Visual Studio Solution File, Format Version 12.00
# Visual Studio Version 17
VisualStudioVersion = 17.11.35312.102
MinimumVisualStudioVersion = 10.0.40219.1
Project("{FAE04EC0-301F-11D3-BF4B-00C04F79EFBC}") = "Ejercicios1", "Ejercicios1\Ejercicios1.csproj", "{EAF81813-72D6-4E93-9B9A-412915D2CEFA}"
EndProject
Global
	GlobalSection(SolutionConfigurationPlatforms) = preSolution
		Debug|Any CPU = Debug|Any CPU
		Release|Any CPU = Release|Any CPU
	EndGlobalSection
	GlobalSection(ProjectConfigurationPlatforms) = postSolution
		{EAF81813-72D6-4E93-9B9A-412915D2CEFA}.Debug|Any CPU.ActiveCfg = Debug|Any CPU
		{EAF81813-72D6-4E93-9B9A-412915D2CEFA}.Debug|Any CPU.Build.0 = Debug|Any CPU
		{EAF81813-72D6-4E93-9B9A-412915D2CEFA}.Release|Any CPU.ActiveCfg = Release|Any CPU
		{EAF81813-72D6-4E93-9B9A-412915D2CEFA}.Release|Any CPU.Build.0 = Release|Any CPU
	EndGlobalSection
	GlobalSection(SolutionProperties) = preSolution
		HideSolutionNode = FALSE
	EndGlobalSection
	GlobalSection(ExtensibilityGlobals) = postSolution
		SolutionGuid = {4E5CBE26-ACD0-4EAF-8215-536F08D625B4}
	EndGlobalSection
EndGlobal
